
Microsoft Visual Studio Solution File, Format Version 12.00
# Visual Studio Version 17
VisualStudioVersion = 17.5.002.0
MinimumVisualStudioVersion = 10.0.40219.1
Project("{9A19103F-16F7-4668-BE54-9A1E7A4F7556}") = "deliverable", "deliverable.csproj", "{D81E4648-B1FC-47DC-BDC4-D2E65AACB491}"
EndProject
Global
	GlobalSection(SolutionConfigurationPlatforms) = preSolution
		Debug|Any CPU = Debug|Any CPU
		Release|Any CPU = Release|Any CPU
	EndGlobalSection
	GlobalSection(ProjectConfigurationPlatforms) = postSolution
		{D81E4648-B1FC-47DC-BDC4-D2E65AACB491}.Debug|Any CPU.ActiveCfg = Debug|Any CPU
		{D81E4648-B1FC-47DC-BDC4-D2E65AACB491}.Debug|Any CPU.Build.0 = Debug|Any CPU
		{D81E4648-B1FC-47DC-BDC4-D2E65AACB491}.Release|Any CPU.ActiveCfg = Release|Any CPU
		{D81E4648-B1FC-47DC-BDC4-D2E65AACB491}.Release|Any CPU.Build.0 = Release|Any CPU
	EndGlobalSection
	GlobalSection(SolutionProperties) = preSolution
		HideSolutionNode = FALSE
	EndGlobalSection
	GlobalSection(ExtensibilityGlobals) = postSolution
		SolutionGuid = {F4696DAF-928C-4334-B03C-4B5B68D94406}
	EndGlobalSection
EndGlobal
